{
  "originHash" : "93ef4b2d72d83da52920746bb85a6084d4abd009cfe8571ff814b451d09652c3",
  "pins" : [
    {
      "identity" : "capacitor-swift-pm",
      "kind" : "remoteSourceControl",
      "location" : "https://github.com/ionic-team/capacitor-swift-pm.git",
      "state" : {
        "revision" : "ac5dacb8f1f5abf4b8297b34cfc3860d3f9202df",
        "version" : "7.6.9"
      }
    }
  ],
  "version" : 3
}
